
Microsoft Visual Studio Solution File, Format Version 12.00
# Visual Studio Version 17
VisualStudioVersion = 17.3.32825.248
MinimumVisualStudioVersion = 10.0.40219.1
Project("{FAE04EC0-301F-11D3-BF4B-00C04F79EFBC}") = "00_Repetition.ProductCatalog", "00_Repetition.ProductCatalog\00_Repetition.ProductCatalog.csproj", "{B2DEED47-9FE2-4AB7-A1D5-068C2F09957C}"
EndProject
Project("{FAE04EC0-301F-11D3-BF4B-00C04F79EFBC}") = "01_WPF.ProductCatalog", "01_WPF.ProductCatalog\01_WPF.ProductCatalog.csproj", "{DBA51547-87AE-4767-8573-75E2106104DF}"
EndProject
Project("{FAE04EC0-301F-11D3-BF4B-00C04F79EFBC}") = "02_WPF.TodoApp", "02_WPF.TodoApp\02_WPF.TodoApp.csproj", "{B6E8C6F1-E45A-499E-8D49-731E2C6427B3}"
EndProject
Global
	GlobalSection(SolutionConfigurationPlatforms) = preSolution
		Debug|Any CPU = Debug|Any CPU
		Release|Any CPU = Release|Any CPU
	EndGlobalSection
	GlobalSection(ProjectConfigurationPlatforms) = postSolution
		{B2DEED47-9FE2-4AB7-A1D5-068C2F09957C}.Debug|Any CPU.ActiveCfg = Debug|Any CPU
		{B2DEED47-9FE2-4AB7-A1D5-068C2F09957C}.Debug|Any CPU.Build.0 = Debug|Any CPU
		{B2DEED47-9FE2-4AB7-A1D5-068C2F09957C}.Release|Any CPU.ActiveCfg = Release|Any CPU
		{B2DEED47-9FE2-4AB7-A1D5-068C2F09957C}.Release|Any CPU.Build.0 = Release|Any CPU
		{DBA51547-87AE-4767-8573-75E2106104DF}.Debug|Any CPU.ActiveCfg = Debug|Any CPU
		{DBA51547-87AE-4767-8573-75E2106104DF}.Debug|Any CPU.Build.0 = Debug|Any CPU
		{DBA51547-87AE-4767-8573-75E2106104DF}.Release|Any CPU.ActiveCfg = Release|Any CPU
		{DBA51547-87AE-4767-8573-75E2106104DF}.Release|Any CPU.Build.0 = Release|Any CPU
		{B6E8C6F1-E45A-499E-8D49-731E2C6427B3}.Debug|Any CPU.ActiveCfg = Debug|Any CPU
		{B6E8C6F1-E45A-499E-8D49-731E2C6427B3}.Debug|Any CPU.Build.0 = Debug|Any CPU
		{B6E8C6F1-E45A-499E-8D49-731E2C6427B3}.Release|Any CPU.ActiveCfg = Release|Any CPU
		{B6E8C6F1-E45A-499E-8D49-731E2C6427B3}.Release|Any CPU.Build.0 = Release|Any CPU
	EndGlobalSection
	GlobalSection(SolutionProperties) = preSolution
		HideSolutionNode = FALSE
	EndGlobalSection
	GlobalSection(ExtensibilityGlobals) = postSolution
		SolutionGuid = {3ABEB6F7-404B-4958-A714-78DC92068C51}
	EndGlobalSection
EndGlobal
