
Microsoft Visual Studio Solution File, Format Version 12.00
# Visual Studio Version 17
VisualStudioVersion = 17.3.32825.248
MinimumVisualStudioVersion = 10.0.40219.1
Project("{FAE04EC0-301F-11D3-BF4B-00C04F79EFBC}") = "01_Threads.ConsoleApp", "01_Threads.ConsoleApp\01_Threads.ConsoleApp.csproj", "{9AA92BF1-9DB5-4C52-BC14-A0E4AC8EFAC7}"
EndProject
Project("{FAE04EC0-301F-11D3-BF4B-00C04F79EFBC}") = "01_Tasks.ConsoleApp", "01_Tasks.ConsoleApp\01_Tasks.ConsoleApp.csproj", "{19F908BB-DAB1-469C-8DBA-89582B450354}"
EndProject
Project("{FAE04EC0-301F-11D3-BF4B-00C04F79EFBC}") = "02_GUI.WinForms", "02_GUI.WinForms\02_GUI.WinForms.csproj", "{701E0826-7408-47AA-9012-F71165C9ADA3}"
EndProject
Project("{FAE04EC0-301F-11D3-BF4B-00C04F79EFBC}") = "02_GUI.WPF", "02_GUI.WPF\02_GUI.WPF.csproj", "{675B0EDA-4A51-478C-8BBA-17C04B6EA2F3}"
EndProject
Project("{FAE04EC0-301F-11D3-BF4B-00C04F79EFBC}") = "02_GUI.UWP", "02_GUI.UWP\02_GUI.UWP.csproj", "{B718D028-E4BB-445C-A467-7B0C9C2BB557}"
EndProject
Project("{FAE04EC0-301F-11D3-BF4B-00C04F79EFBC}") = "02_GUI.MAUI", "02_GUI.MAUI\02_GUI.MAUI.csproj", "{C432BA38-F377-4878-8B99-5E317827FC3B}"
EndProject
Global
	GlobalSection(SolutionConfigurationPlatforms) = preSolution
		Debug|Any CPU = Debug|Any CPU
		Debug|ARM = Debug|ARM
		Debug|ARM64 = Debug|ARM64
		Debug|x64 = Debug|x64
		Debug|x86 = Debug|x86
		Release|Any CPU = Release|Any CPU
		Release|ARM = Release|ARM
		Release|ARM64 = Release|ARM64
		Release|x64 = Release|x64
		Release|x86 = Release|x86
	EndGlobalSection
	GlobalSection(ProjectConfigurationPlatforms) = postSolution
		{9AA92BF1-9DB5-4C52-BC14-A0E4AC8EFAC7}.Debug|Any CPU.ActiveCfg = Debug|Any CPU
		{9AA92BF1-9DB5-4C52-BC14-A0E4AC8EFAC7}.Debug|Any CPU.Build.0 = Debug|Any CPU
		{9AA92BF1-9DB5-4C52-BC14-A0E4AC8EFAC7}.Debug|ARM.ActiveCfg = Debug|Any CPU
		{9AA92BF1-9DB5-4C52-BC14-A0E4AC8EFAC7}.Debug|ARM.Build.0 = Debug|Any CPU
		{9AA92BF1-9DB5-4C52-BC14-A0E4AC8EFAC7}.Debug|ARM64.ActiveCfg = Debug|Any CPU
		{9AA92BF1-9DB5-4C52-BC14-A0E4AC8EFAC7}.Debug|ARM64.Build.0 = Debug|Any CPU
		{9AA92BF1-9DB5-4C52-BC14-A0E4AC8EFAC7}.Debug|x64.ActiveCfg = Debug|Any CPU
		{9AA92BF1-9DB5-4C52-BC14-A0E4AC8EFAC7}.Debug|x64.Build.0 = Debug|Any CPU
		{9AA92BF1-9DB5-4C52-BC14-A0E4AC8EFAC7}.Debug|x86.ActiveCfg = Debug|Any CPU
		{9AA92BF1-9DB5-4C52-BC14-A0E4AC8EFAC7}.Debug|x86.Build.0 = Debug|Any CPU
		{9AA92BF1-9DB5-4C52-BC14-A0E4AC8EFAC7}.Release|Any CPU.ActiveCfg = Release|Any CPU
		{9AA92BF1-9DB5-4C52-BC14-A0E4AC8EFAC7}.Release|Any CPU.Build.0 = Release|Any CPU
		{9AA92BF1-9DB5-4C52-BC14-A0E4AC8EFAC7}.Release|ARM.ActiveCfg = Release|Any CPU
		{9AA92BF1-9DB5-4C52-BC14-A0E4AC8EFAC7}.Release|ARM.Build.0 = Release|Any CPU
		{9AA92BF1-9DB5-4C52-BC14-A0E4AC8EFAC7}.Release|ARM64.ActiveCfg = Release|Any CPU
		{9AA92BF1-9DB5-4C52-BC14-A0E4AC8EFAC7}.Release|ARM64.Build.0 = Release|Any CPU
		{9AA92BF1-9DB5-4C52-BC14-A0E4AC8EFAC7}.Release|x64.ActiveCfg = Release|Any CPU
		{9AA92BF1-9DB5-4C52-BC14-A0E4AC8EFAC7}.Release|x64.Build.0 = Release|Any CPU
		{9AA92BF1-9DB5-4C52-BC14-A0E4AC8EFAC7}.Release|x86.ActiveCfg = Release|Any CPU
		{9AA92BF1-9DB5-4C52-BC14-A0E4AC8EFAC7}.Release|x86.Build.0 = Release|Any CPU
		{19F908BB-DAB1-469C-8DBA-89582B450354}.Debug|Any CPU.ActiveCfg = Debug|Any CPU
		{19F908BB-DAB1-469C-8DBA-89582B450354}.Debug|Any CPU.Build.0 = Debug|Any CPU
		{19F908BB-DAB1-469C-8DBA-89582B450354}.Debug|ARM.ActiveCfg = Debug|Any CPU
		{19F908BB-DAB1-469C-8DBA-89582B450354}.Debug|ARM.Build.0 = Debug|Any CPU
		{19F908BB-DAB1-469C-8DBA-89582B450354}.Debug|ARM64.ActiveCfg = Debug|Any CPU
		{19F908BB-DAB1-469C-8DBA-89582B450354}.Debug|ARM64.Build.0 = Debug|Any CPU
		{19F908BB-DAB1-469C-8DBA-89582B450354}.Debug|x64.ActiveCfg = Debug|Any CPU
		{19F908BB-DAB1-469C-8DBA-89582B450354}.Debug|x64.Build.0 = Debug|Any CPU
		{19F908BB-DAB1-469C-8DBA-89582B450354}.Debug|x86.ActiveCfg = Debug|Any CPU
		{19F908BB-DAB1-469C-8DBA-89582B450354}.Debug|x86.Build.0 = Debug|Any CPU
		{19F908BB-DAB1-469C-8DBA-89582B450354}.Release|Any CPU.ActiveCfg = Release|Any CPU
		{19F908BB-DAB1-469C-8DBA-89582B450354}.Release|Any CPU.Build.0 = Release|Any CPU
		{19F908BB-DAB1-469C-8DBA-89582B450354}.Release|ARM.ActiveCfg = Release|Any CPU
		{19F908BB-DAB1-469C-8DBA-89582B450354}.Release|ARM.Build.0 = Release|Any CPU
		{19F908BB-DAB1-469C-8DBA-89582B450354}.Release|ARM64.ActiveCfg = Release|Any CPU
		{19F908BB-DAB1-469C-8DBA-89582B450354}.Release|ARM64.Build.0 = Release|Any CPU
		{19F908BB-DAB1-469C-8DBA-89582B450354}.Release|x64.ActiveCfg = Release|Any CPU
		{19F908BB-DAB1-469C-8DBA-89582B450354}.Release|x64.Build.0 = Release|Any CPU
		{19F908BB-DAB1-469C-8DBA-89582B450354}.Release|x86.ActiveCfg = Release|Any CPU
		{19F908BB-DAB1-469C-8DBA-89582B450354}.Release|x86.Build.0 = Release|Any CPU
		{701E0826-7408-47AA-9012-F71165C9ADA3}.Debug|Any CPU.ActiveCfg = Debug|Any CPU
		{701E0826-7408-47AA-9012-F71165C9ADA3}.Debug|Any CPU.Build.0 = Debug|Any CPU
		{701E0826-7408-47AA-9012-F71165C9ADA3}.Debug|ARM.ActiveCfg = Debug|Any CPU
		{701E0826-7408-47AA-9012-F71165C9ADA3}.Debug|ARM.Build.0 = Debug|Any CPU
		{701E0826-7408-47AA-9012-F71165C9ADA3}.Debug|ARM64.ActiveCfg = Debug|Any CPU
		{701E0826-7408-47AA-9012-F71165C9ADA3}.Debug|ARM64.Build.0 = Debug|Any CPU
		{701E0826-7408-47AA-9012-F71165C9ADA3}.Debug|x64.ActiveCfg = Debug|Any CPU
		{701E0826-7408-47AA-9012-F71165C9ADA3}.Debug|x64.Build.0 = Debug|Any CPU
		{701E0826-7408-47AA-9012-F71165C9ADA3}.Debug|x86.ActiveCfg = Debug|Any CPU
		{701E0826-7408-47AA-9012-F71165C9ADA3}.Debug|x86.Build.0 = Debug|Any CPU
		{701E0826-7408-47AA-9012-F71165C9ADA3}.Release|Any CPU.ActiveCfg = Release|Any CPU
		{701E0826-7408-47AA-9012-F71165C9ADA3}.Release|Any CPU.Build.0 = Release|Any CPU
		{701E0826-7408-47AA-9012-F71165C9ADA3}.Release|ARM.ActiveCfg = Release|Any CPU
		{701E0826-7408-47AA-9012-F71165C9ADA3}.Release|ARM.Build.0 = Release|Any CPU
		{701E0826-7408-47AA-9012-F71165C9ADA3}.Release|ARM64.ActiveCfg = Release|Any CPU
		{701E0826-7408-47AA-9012-F71165C9ADA3}.Release|ARM64.Build.0 = Release|Any CPU
		{701E0826-7408-47AA-9012-F71165C9ADA3}.Release|x64.ActiveCfg = Release|Any CPU
		{701E0826-7408-47AA-9012-F71165C9ADA3}.Release|x64.Build.0 = Release|Any CPU
		{701E0826-7408-47AA-9012-F71165C9ADA3}.Release|x86.ActiveCfg = Release|Any CPU
		{701E0826-7408-47AA-9012-F71165C9ADA3}.Release|x86.Build.0 = Release|Any CPU
		{675B0EDA-4A51-478C-8BBA-17C04B6EA2F3}.Debug|Any CPU.ActiveCfg = Debug|Any CPU
		{675B0EDA-4A51-478C-8BBA-17C04B6EA2F3}.Debug|Any CPU.Build.0 = Debug|Any CPU
		{675B0EDA-4A51-478C-8BBA-17C04B6EA2F3}.Debug|ARM.ActiveCfg = Debug|Any CPU
		{675B0EDA-4A51-478C-8BBA-17C04B6EA2F3}.Debug|ARM.Build.0 = Debug|Any CPU
		{675B0EDA-4A51-478C-8BBA-17C04B6EA2F3}.Debug|ARM64.ActiveCfg = Debug|Any CPU
		{675B0EDA-4A51-478C-8BBA-17C04B6EA2F3}.Debug|ARM64.Build.0 = Debug|Any CPU
		{675B0EDA-4A51-478C-8BBA-17C04B6EA2F3}.Debug|x64.ActiveCfg = Debug|Any CPU
		{675B0EDA-4A51-478C-8BBA-17C04B6EA2F3}.Debug|x64.Build.0 = Debug|Any CPU
		{675B0EDA-4A51-478C-8BBA-17C04B6EA2F3}.Debug|x86.ActiveCfg = Debug|Any CPU
		{675B0EDA-4A51-478C-8BBA-17C04B6EA2F3}.Debug|x86.Build.0 = Debug|Any CPU
		{675B0EDA-4A51-478C-8BBA-17C04B6EA2F3}.Release|Any CPU.ActiveCfg = Release|Any CPU
		{675B0EDA-4A51-478C-8BBA-17C04B6EA2F3}.Release|Any CPU.Build.0 = Release|Any CPU
		{675B0EDA-4A51-478C-8BBA-17C04B6EA2F3}.Release|ARM.ActiveCfg = Release|Any CPU
		{675B0EDA-4A51-478C-8BBA-17C04B6EA2F3}.Release|ARM.Build.0 = Release|Any CPU
		{675B0EDA-4A51-478C-8BBA-17C04B6EA2F3}.Release|ARM64.ActiveCfg = Release|Any CPU
		{675B0EDA-4A51-478C-8BBA-17C04B6EA2F3}.Release|ARM64.Build.0 = Release|Any CPU
		{675B0EDA-4A51-478C-8BBA-17C04B6EA2F3}.Release|x64.ActiveCfg = Release|Any CPU
		{675B0EDA-4A51-478C-8BBA-17C04B6EA2F3}.Release|x64.Build.0 = Release|Any CPU
		{675B0EDA-4A51-478C-8BBA-17C04B6EA2F3}.Release|x86.ActiveCfg = Release|Any CPU
		{675B0EDA-4A51-478C-8BBA-17C04B6EA2F3}.Release|x86.Build.0 = Release|Any CPU
		{B718D028-E4BB-445C-A467-7B0C9C2BB557}.Debug|Any CPU.ActiveCfg = Debug|x64
		{B718D028-E4BB-445C-A467-7B0C9C2BB557}.Debug|Any CPU.Build.0 = Debug|x64
		{B718D028-E4BB-445C-A467-7B0C9C2BB557}.Debug|Any CPU.Deploy.0 = Debug|x64
		{B718D028-E4BB-445C-A467-7B0C9C2BB557}.Debug|ARM.ActiveCfg = Debug|ARM
		{B718D028-E4BB-445C-A467-7B0C9C2BB557}.Debug|ARM.Build.0 = Debug|ARM
		{B718D028-E4BB-445C-A467-7B0C9C2BB557}.Debug|ARM.Deploy.0 = Debug|ARM
		{B718D028-E4BB-445C-A467-7B0C9C2BB557}.Debug|ARM64.ActiveCfg = Debug|ARM64
		{B718D028-E4BB-445C-A467-7B0C9C2BB557}.Debug|ARM64.Build.0 = Debug|ARM64
		{B718D028-E4BB-445C-A467-7B0C9C2BB557}.Debug|ARM64.Deploy.0 = Debug|ARM64
		{B718D028-E4BB-445C-A467-7B0C9C2BB557}.Debug|x64.ActiveCfg = Debug|x64
		{B718D028-E4BB-445C-A467-7B0C9C2BB557}.Debug|x64.Build.0 = Debug|x64
		{B718D028-E4BB-445C-A467-7B0C9C2BB557}.Debug|x64.Deploy.0 = Debug|x64
		{B718D028-E4BB-445C-A467-7B0C9C2BB557}.Debug|x86.ActiveCfg = Debug|x86
		{B718D028-E4BB-445C-A467-7B0C9C2BB557}.Debug|x86.Build.0 = Debug|x86
		{B718D028-E4BB-445C-A467-7B0C9C2BB557}.Debug|x86.Deploy.0 = Debug|x86
		{B718D028-E4BB-445C-A467-7B0C9C2BB557}.Release|Any CPU.ActiveCfg = Release|x64
		{B718D028-E4BB-445C-A467-7B0C9C2BB557}.Release|Any CPU.Build.0 = Release|x64
		{B718D028-E4BB-445C-A467-7B0C9C2BB557}.Release|Any CPU.Deploy.0 = Release|x64
		{B718D028-E4BB-445C-A467-7B0C9C2BB557}.Release|ARM.ActiveCfg = Release|ARM
		{B718D028-E4BB-445C-A467-7B0C9C2BB557}.Release|ARM.Build.0 = Release|ARM
		{B718D028-E4BB-445C-A467-7B0C9C2BB557}.Release|ARM.Deploy.0 = Release|ARM
		{B718D028-E4BB-445C-A467-7B0C9C2BB557}.Release|ARM64.ActiveCfg = Release|ARM64
		{B718D028-E4BB-445C-A467-7B0C9C2BB557}.Release|ARM64.Build.0 = Release|ARM64
		{B718D028-E4BB-445C-A467-7B0C9C2BB557}.Release|ARM64.Deploy.0 = Release|ARM64
		{B718D028-E4BB-445C-A467-7B0C9C2BB557}.Release|x64.ActiveCfg = Release|x64
		{B718D028-E4BB-445C-A467-7B0C9C2BB557}.Release|x64.Build.0 = Release|x64
		{B718D028-E4BB-445C-A467-7B0C9C2BB557}.Release|x64.Deploy.0 = Release|x64
		{B718D028-E4BB-445C-A467-7B0C9C2BB557}.Release|x86.ActiveCfg = Release|x86
		{B718D028-E4BB-445C-A467-7B0C9C2BB557}.Release|x86.Build.0 = Release|x86
		{B718D028-E4BB-445C-A467-7B0C9C2BB557}.Release|x86.Deploy.0 = Release|x86
		{C432BA38-F377-4878-8B99-5E317827FC3B}.Debug|Any CPU.ActiveCfg = Debug|Any CPU
		{C432BA38-F377-4878-8B99-5E317827FC3B}.Debug|Any CPU.Build.0 = Debug|Any CPU
		{C432BA38-F377-4878-8B99-5E317827FC3B}.Debug|Any CPU.Deploy.0 = Debug|Any CPU
		{C432BA38-F377-4878-8B99-5E317827FC3B}.Debug|ARM.ActiveCfg = Debug|Any CPU
		{C432BA38-F377-4878-8B99-5E317827FC3B}.Debug|ARM.Build.0 = Debug|Any CPU
		{C432BA38-F377-4878-8B99-5E317827FC3B}.Debug|ARM.Deploy.0 = Debug|Any CPU
		{C432BA38-F377-4878-8B99-5E317827FC3B}.Debug|ARM64.ActiveCfg = Debug|Any CPU
		{C432BA38-F377-4878-8B99-5E317827FC3B}.Debug|ARM64.Build.0 = Debug|Any CPU
		{C432BA38-F377-4878-8B99-5E317827FC3B}.Debug|ARM64.Deploy.0 = Debug|Any CPU
		{C432BA38-F377-4878-8B99-5E317827FC3B}.Debug|x64.ActiveCfg = Debug|Any CPU
		{C432BA38-F377-4878-8B99-5E317827FC3B}.Debug|x64.Build.0 = Debug|Any CPU
		{C432BA38-F377-4878-8B99-5E317827FC3B}.Debug|x64.Deploy.0 = Debug|Any CPU
		{C432BA38-F377-4878-8B99-5E317827FC3B}.Debug|x86.ActiveCfg = Debug|Any CPU
		{C432BA38-F377-4878-8B99-5E317827FC3B}.Debug|x86.Build.0 = Debug|Any CPU
		{C432BA38-F377-4878-8B99-5E317827FC3B}.Debug|x86.Deploy.0 = Debug|Any CPU
		{C432BA38-F377-4878-8B99-5E317827FC3B}.Release|Any CPU.ActiveCfg = Release|Any CPU
		{C432BA38-F377-4878-8B99-5E317827FC3B}.Release|Any CPU.Build.0 = Release|Any CPU
		{C432BA38-F377-4878-8B99-5E317827FC3B}.Release|Any CPU.Deploy.0 = Release|Any CPU
		{C432BA38-F377-4878-8B99-5E317827FC3B}.Release|ARM.ActiveCfg = Release|Any CPU
		{C432BA38-F377-4878-8B99-5E317827FC3B}.Release|ARM.Build.0 = Release|Any CPU
		{C432BA38-F377-4878-8B99-5E317827FC3B}.Release|ARM.Deploy.0 = Release|Any CPU
		{C432BA38-F377-4878-8B99-5E317827FC3B}.Release|ARM64.ActiveCfg = Release|Any CPU
		{C432BA38-F377-4878-8B99-5E317827FC3B}.Release|ARM64.Build.0 = Release|Any CPU
		{C432BA38-F377-4878-8B99-5E317827FC3B}.Release|ARM64.Deploy.0 = Release|Any CPU
		{C432BA38-F377-4878-8B99-5E317827FC3B}.Release|x64.ActiveCfg = Release|Any CPU
		{C432BA38-F377-4878-8B99-5E317827FC3B}.Release|x64.Build.0 = Release|Any CPU
		{C432BA38-F377-4878-8B99-5E317827FC3B}.Release|x64.Deploy.0 = Release|Any CPU
		{C432BA38-F377-4878-8B99-5E317827FC3B}.Release|x86.ActiveCfg = Release|Any CPU
		{C432BA38-F377-4878-8B99-5E317827FC3B}.Release|x86.Build.0 = Release|Any CPU
		{C432BA38-F377-4878-8B99-5E317827FC3B}.Release|x86.Deploy.0 = Release|Any CPU
	EndGlobalSection
	GlobalSection(SolutionProperties) = preSolution
		HideSolutionNode = FALSE
	EndGlobalSection
	GlobalSection(ExtensibilityGlobals) = postSolution
		SolutionGuid = {4A35C51E-3FCF-4F96-BC51-E8548FAA4ABF}
	EndGlobalSection
EndGlobal
