
Microsoft Visual Studio Solution File, Format Version 12.00
# Visual Studio Version 17
VisualStudioVersion = 17.3.32825.248
MinimumVisualStudioVersion = 10.0.40219.1
Project("{FAE04EC0-301F-11D3-BF4B-00C04F79EFBC}") = "00_Repetition", "00_Repetition\00_Repetition.csproj", "{B8CE3D8C-538E-45EA-8F78-41BDEC44711D}"
EndProject
Project("{FAE04EC0-301F-11D3-BF4B-00C04F79EFBC}") = "01_Inheritance", "01_Inheritance\01_Inheritance.csproj", "{0DEFFB60-4A51-4E1E-AB43-A8CF82C2B9C2}"
EndProject
Project("{FAE04EC0-301F-11D3-BF4B-00C04F79EFBC}") = "02_Structs", "02_Structs\02_Structs.csproj", "{77E7FD1A-BB3B-414A-B7FE-2F91F18EFCA5}"
EndProject
Project("{FAE04EC0-301F-11D3-BF4B-00C04F79EFBC}") = "03_Enums", "03_Enums\03_Enums.csproj", "{9CDCFE84-B2A1-4F1D-B51C-A8BDCD31B22D}"
EndProject
Project("{FAE04EC0-301F-11D3-BF4B-00C04F79EFBC}") = "06_Interfaces", "06_Interfaces\06_Interfaces.csproj", "{15F034B8-BB64-495B-90DC-08E3CA36B077}"
EndProject
Global
	GlobalSection(SolutionConfigurationPlatforms) = preSolution
		Debug|Any CPU = Debug|Any CPU
		Release|Any CPU = Release|Any CPU
	EndGlobalSection
	GlobalSection(ProjectConfigurationPlatforms) = postSolution
		{B8CE3D8C-538E-45EA-8F78-41BDEC44711D}.Debug|Any CPU.ActiveCfg = Debug|Any CPU
		{B8CE3D8C-538E-45EA-8F78-41BDEC44711D}.Debug|Any CPU.Build.0 = Debug|Any CPU
		{B8CE3D8C-538E-45EA-8F78-41BDEC44711D}.Release|Any CPU.ActiveCfg = Release|Any CPU
		{B8CE3D8C-538E-45EA-8F78-41BDEC44711D}.Release|Any CPU.Build.0 = Release|Any CPU
		{0DEFFB60-4A51-4E1E-AB43-A8CF82C2B9C2}.Debug|Any CPU.ActiveCfg = Debug|Any CPU
		{0DEFFB60-4A51-4E1E-AB43-A8CF82C2B9C2}.Debug|Any CPU.Build.0 = Debug|Any CPU
		{0DEFFB60-4A51-4E1E-AB43-A8CF82C2B9C2}.Release|Any CPU.ActiveCfg = Release|Any CPU
		{0DEFFB60-4A51-4E1E-AB43-A8CF82C2B9C2}.Release|Any CPU.Build.0 = Release|Any CPU
		{77E7FD1A-BB3B-414A-B7FE-2F91F18EFCA5}.Debug|Any CPU.ActiveCfg = Debug|Any CPU
		{77E7FD1A-BB3B-414A-B7FE-2F91F18EFCA5}.Debug|Any CPU.Build.0 = Debug|Any CPU
		{77E7FD1A-BB3B-414A-B7FE-2F91F18EFCA5}.Release|Any CPU.ActiveCfg = Release|Any CPU
		{77E7FD1A-BB3B-414A-B7FE-2F91F18EFCA5}.Release|Any CPU.Build.0 = Release|Any CPU
		{9CDCFE84-B2A1-4F1D-B51C-A8BDCD31B22D}.Debug|Any CPU.ActiveCfg = Debug|Any CPU
		{9CDCFE84-B2A1-4F1D-B51C-A8BDCD31B22D}.Debug|Any CPU.Build.0 = Debug|Any CPU
		{9CDCFE84-B2A1-4F1D-B51C-A8BDCD31B22D}.Release|Any CPU.ActiveCfg = Release|Any CPU
		{9CDCFE84-B2A1-4F1D-B51C-A8BDCD31B22D}.Release|Any CPU.Build.0 = Release|Any CPU
		{15F034B8-BB64-495B-90DC-08E3CA36B077}.Debug|Any CPU.ActiveCfg = Debug|Any CPU
		{15F034B8-BB64-495B-90DC-08E3CA36B077}.Debug|Any CPU.Build.0 = Debug|Any CPU
		{15F034B8-BB64-495B-90DC-08E3CA36B077}.Release|Any CPU.ActiveCfg = Release|Any CPU
		{15F034B8-BB64-495B-90DC-08E3CA36B077}.Release|Any CPU.Build.0 = Release|Any CPU
	EndGlobalSection
	GlobalSection(SolutionProperties) = preSolution
		HideSolutionNode = FALSE
	EndGlobalSection
	GlobalSection(ExtensibilityGlobals) = postSolution
		SolutionGuid = {2D7406DE-699C-49F5-8D4C-4CADA94BC9B6}
	EndGlobalSection
EndGlobal
